
Microsoft Visual Studio Solution File, Format Version 12.00
# Visual Studio 14
VisualStudioVersion = 14.0.25123.0
MinimumVisualStudioVersion = 10.0.40219.1
Project("{FAE04EC0-301F-11D3-BF4B-00C04F79EFBC}") = "Zoo", "Zoo\Zoo.csproj", "{2FE933F1-F07E-426D-A171-20D4533ABCEA}"
EndProject
Project("{FAE04EC0-301F-11D3-BF4B-00C04F79EFBC}") = "ZooManager", "ZooManager\ZooManager.csproj", "{9517DDF5-A7B1-40D0-8A62-2458572331FA}"
EndProject
Project("{FAE04EC0-301F-11D3-BF4B-00C04F79EFBC}") = "ZooUnitTest", "ZooUnitTest\ZooUnitTest.csproj", "{62861BF6-427A-4E17-A895-CE64C9C164F3}"
EndProject
Global
	GlobalSection(SolutionConfigurationPlatforms) = preSolution
		Debug|Any CPU = Debug|Any CPU
		Release|Any CPU = Release|Any CPU
	EndGlobalSection
	GlobalSection(ProjectConfigurationPlatforms) = postSolution
		{2FE933F1-F07E-426D-A171-20D4533ABCEA}.Debug|Any CPU.ActiveCfg = Debug|Any CPU
		{2FE933F1-F07E-426D-A171-20D4533ABCEA}.Debug|Any CPU.Build.0 = Debug|Any CPU
		{2FE933F1-F07E-426D-A171-20D4533ABCEA}.Release|Any CPU.ActiveCfg = Release|Any CPU
		{2FE933F1-F07E-426D-A171-20D4533ABCEA}.Release|Any CPU.Build.0 = Release|Any CPU
		{9517DDF5-A7B1-40D0-8A62-2458572331FA}.Debug|Any CPU.ActiveCfg = Debug|Any CPU
		{9517DDF5-A7B1-40D0-8A62-2458572331FA}.Debug|Any CPU.Build.0 = Debug|Any CPU
		{9517DDF5-A7B1-40D0-8A62-2458572331FA}.Release|Any CPU.ActiveCfg = Release|Any CPU
		{9517DDF5-A7B1-40D0-8A62-2458572331FA}.Release|Any CPU.Build.0 = Release|Any CPU
		{62861BF6-427A-4E17-A895-CE64C9C164F3}.Debug|Any CPU.ActiveCfg = Debug|Any CPU
		{62861BF6-427A-4E17-A895-CE64C9C164F3}.Debug|Any CPU.Build.0 = Debug|Any CPU
		{62861BF6-427A-4E17-A895-CE64C9C164F3}.Release|Any CPU.ActiveCfg = Release|Any CPU
		{62861BF6-427A-4E17-A895-CE64C9C164F3}.Release|Any CPU.Build.0 = Release|Any CPU
	EndGlobalSection
	GlobalSection(SolutionProperties) = preSolution
		HideSolutionNode = FALSE
	EndGlobalSection
EndGlobal
